
Microsoft Visual Studio Solution File, Format Version 12.00
# Visual Studio Version 16
VisualStudioVersion = 16.0.29728.190
MinimumVisualStudioVersion = 10.0.40219.1
Project("{FAE04EC0-301F-11D3-BF4B-00C04F79EFBC}") = "StringstutorialProject", "StringstutorialProject\StringstutorialProject.csproj", "{F068B731-2C9F-49D3-93DB-E4A90E051C40}"
EndProject
Global
	GlobalSection(SolutionConfigurationPlatforms) = preSolution
		Debug|Any CPU = Debug|Any CPU
		Release|Any CPU = Release|Any CPU
	EndGlobalSection
	GlobalSection(ProjectConfigurationPlatforms) = postSolution
		{F068B731-2C9F-49D3-93DB-E4A90E051C40}.Debug|Any CPU.ActiveCfg = Debug|Any CPU
		{F068B731-2C9F-49D3-93DB-E4A90E051C40}.Debug|Any CPU.Build.0 = Debug|Any CPU
		{F068B731-2C9F-49D3-93DB-E4A90E051C40}.Release|Any CPU.ActiveCfg = Release|Any CPU
		{F068B731-2C9F-49D3-93DB-E4A90E051C40}.Release|Any CPU.Build.0 = Release|Any CPU
	EndGlobalSection
	GlobalSection(SolutionProperties) = preSolution
		HideSolutionNode = FALSE
	EndGlobalSection
	GlobalSection(ExtensibilityGlobals) = postSolution
		SolutionGuid = {68B2296B-D724-4E64-B235-47BB4B2301FA}
	EndGlobalSection
EndGlobal
